lockfileVersion: '6.0'

settings:
  autoInstallPeers: true
  excludeLinksFromLockfile: false

dependencies:
  '@radix-ui/react-checkbox':
    specifier: ^1.0.4
    version: 1.0.4(react-dom@18.2.0)(react@18.2.0)
  '@radix-ui/react-icons':
    specifier: ^1.3.0
    version: 1.3.0(react@18.2.0)
  '@radix-ui/react-label':
    specifier: ^2.0.2
    version: 2.0.2(react-dom@18.2.0)(react@18.2.0)
  '@radix-ui/react-slot':
    specifier: ^1.0.2
    version: 1.0.2(react@18.2.0)
  '@radix-ui/react-toast':
    specifier: ^1.1.5
    version: 1.1.5(react-dom@18.2.0)(react@18.2.0)
  class-variance-authority:
    specifier: ^0.7.0
    version: 0.7.0
  clsx:
    specifier: ^2.1.0
    version: 2.1.0
  embla-carousel-react:
    specifier: ^8.0.0-rc22
    version: 8.0.0-rc22(react@18.2.0)
  react-resizable-panels:
    specifier: ^2.0.3
    version: 2.0.8(react-dom@18.2.0)(react@18.2.0)
  tailwind-merge:
    specifier: ^2.2.1
    version: 2.2.1
  tailwindcss-animate:
    specifier: ^1.0.7
    version: 1.0.7

packages:

  /@babel/runtime@7.23.9:
    resolution: {integrity: sha512-0CX6F+BI2s9dkUqr08KFrAIZgNFj75rdBU/DjCyYLIaV/quFjkk6T+EJ2LkZHyZTbEV4L5p97mNkUsHl2wLFAw==}
    engines: {node: '>=6.9.0'}
    dependencies:
      regenerator-runtime: 0.14.1
    dev: false

  /@radix-ui/primitive@1.0.1:
    resolution: {integrity: sha512-yQ8oGX2GVsEYMWGxcovu1uGWPCxV5BFfeeYxqPmuAzUyLT9qmaMXSAhXpb0WrspIeqYzdJpkh2vHModJPgRIaw==}
    dependencies:
      '@babel/runtime': 7.23.9
    dev: false

  /@radix-ui/react-checkbox@1.0.4(react-dom@18.2.0)(react@18.2.0):
    resolution: {integrity: sha512-CBuGQa52aAYnADZVt/KBQzXrwx6TqnlwtcIPGtVt5JkkzQwMOLJjPukimhfKEr4GQNd43C+djUh5Ikopj8pSLg==}
    peerDependencies:
      '@types/react': '*'
      '@types/react-dom': '*'
      react: ^16.8 || ^17.0 || ^18.0
      react-dom: ^16.8 || ^17.0 || ^18.0
    peerDependenciesMeta:
      '@types/react':
        optional: true
      '@types/react-dom':
        optional: true
    dependencies:
      '@babel/runtime': 7.23.9
      '@radix-ui/primitive': 1.0.1
      '@radix-ui/react-compose-refs': 1.0.1(react@18.2.0)
      '@radix-ui/react-context': 1.0.1(react@18.2.0)
      '@radix-ui/react-presence': 1.0.1(react-dom@18.2.0)(react@18.2.0)
      '@radix-ui/react-primitive': 1.0.3(react-dom@18.2.0)(react@18.2.0)
      '@radix-ui/react-use-controllable-state': 1.0.1(react@18.2.0)
      '@radix-ui/react-use-previous': 1.0.1(react@18.2.0)
      '@radix-ui/react-use-size': 1.0.1(react@18.2.0)
      react: 18.2.0
      react-dom: 18.2.0(react@18.2.0)
    dev: false

  /@radix-ui/react-collection@1.0.3(react-dom@18.2.0)(react@18.2.0):
    resolution: {integrity: sha512-3SzW+0PW7yBBoQlT8wNcGtaxaD0XSu0uLUFgrtHY08Acx05TaHaOmVLR73c0j/cqpDy53KBMO7s0dx2wmOIDIA==}
    peerDependencies:
      '@types/react': '*'
      '@types/react-dom': '*'
      react: ^16.8 || ^17.0 || ^18.0
      react-dom: ^16.8 || ^17.0 || ^18.0
    peerDependenciesMeta:
      '@types/react':
        optional: true
      '@types/react-dom':
        optional: true
    dependencies:
      '@babel/runtime': 7.23.9
      '@radix-ui/react-compose-refs': 1.0.1(react@18.2.0)
      '@radix-ui/react-context': 1.0.1(react@18.2.0)
      '@radix-ui/react-primitive': 1.0.3(react-dom@18.2.0)(react@18.2.0)
      '@radix-ui/react-slot': 1.0.2(react@18.2.0)
      react: 18.2.0
      react-dom: 18.2.0(react@18.2.0)
    dev: false

  /@radix-ui/react-compose-refs@1.0.1(react@18.2.0):
    resolution: {integrity: sha512-fDSBgd44FKHa1FRMU59qBMPFcl2PZE+2nmqunj+BWFyYYjnhIDWL2ItDs3rrbJDQOtzt5nIebLCQc4QRfz6LJw==}
    peerDependencies:
      '@types/react': '*'
      react: ^16.8 || ^17.0 || ^18.0
    peerDependenciesMeta:
      '@types/react':
        optional: true
    dependencies:
      '@babel/runtime': 7.23.9
      react: 18.2.0
    dev: false

  /@radix-ui/react-context@1.0.1(react@18.2.0):
    resolution: {integrity: sha512-ebbrdFoYTcuZ0v4wG5tedGnp9tzcV8awzsxYph7gXUyvnNLuTIcCk1q17JEbnVhXAKG9oX3KtchwiMIAYp9NLg==}
    peerDependencies:
      '@types/react': '*'
      react: ^16.8 || ^17.0 || ^18.0
    peerDependenciesMeta:
      '@types/react':
        optional: true
    dependencies:
      '@babel/runtime': 7.23.9
      react: 18.2.0
    dev: false

  /@radix-ui/react-dismissable-layer@1.0.5(react-dom@18.2.0)(react@18.2.0):
    resolution: {integrity: sha512-aJeDjQhywg9LBu2t/At58hCvr7pEm0o2Ke1x33B+MhjNmmZ17sy4KImo0KPLgsnc/zN7GPdce8Cnn0SWvwZO7g==}
    peerDependencies:
      '@types/react': '*'
      '@types/react-dom': '*'
      react: ^16.8 || ^17.0 || ^18.0
      react-dom: ^16.8 || ^17.0 || ^18.0
    peerDependenciesMeta:
      '@types/react':
        optional: true
      '@types/react-dom':
        optional: true
    dependencies:
      '@babel/runtime': 7.23.9
      '@radix-ui/primitive': 1.0.1
      '@radix-ui/react-compose-refs': 1.0.1(react@18.2.0)
      '@radix-ui/react-primitive': 1.0.3(react-dom@18.2.0)(react@18.2.0)
      '@radix-ui/react-use-callback-ref': 1.0.1(react@18.2.0)
      '@radix-ui/react-use-escape-keydown': 1.0.3(react@18.2.0)
      react: 18.2.0
      react-dom: 18.2.0(react@18.2.0)
    dev: false

  /@radix-ui/react-icons@1.3.0(react@18.2.0):
    resolution: {integrity: sha512-jQxj/0LKgp+j9BiTXz3O3sgs26RNet2iLWmsPyRz2SIcR4q/4SbazXfnYwbAr+vLYKSfc7qxzyGQA1HLlYiuNw==}
    peerDependencies:
      react: ^16.x || ^17.x || ^18.x
    dependencies:
      react: 18.2.0
    dev: false

  /@radix-ui/react-label@2.0.2(react-dom@18.2.0)(react@18.2.0):
    resolution: {integrity: sha512-N5ehvlM7qoTLx7nWPodsPYPgMzA5WM8zZChQg8nyFJKnDO5WHdba1vv5/H6IO5LtJMfD2Q3wh1qHFGNtK0w3bQ==}
    peerDependencies:
      '@types/react': '*'
      '@types/react-dom': '*'
      react: ^16.8 || ^17.0 || ^18.0
      react-dom: ^16.8 || ^17.0 || ^18.0
    peerDependenciesMeta:
      '@types/react':
        optional: true
      '@types/react-dom':
        optional: true
    dependencies:
      '@babel/runtime': 7.23.9
      '@radix-ui/react-primitive': 1.0.3(react-dom@18.2.0)(react@18.2.0)
      react: 18.2.0
      react-dom: 18.2.0(react@18.2.0)
    dev: false

  /@radix-ui/react-portal@1.0.4(react-dom@18.2.0)(react@18.2.0):
    resolution: {integrity: sha512-Qki+C/EuGUVCQTOTD5vzJzJuMUlewbzuKyUy+/iHM2uwGiru9gZeBJtHAPKAEkB5KWGi9mP/CHKcY0wt1aW45Q==}
    peerDependencies:
      '@types/react': '*'
      '@types/react-dom': '*'
      react: ^16.8 || ^17.0 || ^18.0
      react-dom: ^16.8 || ^17.0 || ^18.0
    peerDependenciesMeta:
      '@types/react':
        optional: true
      '@types/react-dom':
        optional: true
    dependencies:
      '@babel/runtime': 7.23.9
      '@radix-ui/react-primitive': 1.0.3(react-dom@18.2.0)(react@18.2.0)
      react: 18.2.0
      react-dom: 18.2.0(react@18.2.0)
    dev: false

  /@radix-ui/react-presence@1.0.1(react-dom@18.2.0)(react@18.2.0):
    resolution: {integrity: sha512-UXLW4UAbIY5ZjcvzjfRFo5gxva8QirC9hF7wRE4U5gz+TP0DbRk+//qyuAQ1McDxBt1xNMBTaciFGvEmJvAZCg==}
    peerDependencies:
      '@types/react': '*'
      '@types/react-dom': '*'
      react: ^16.8 || ^17.0 || ^18.0
      react-dom: ^16.8 || ^17.0 || ^18.0
    peerDependenciesMeta:
      '@types/react':
        optional: true
      '@types/react-dom':
        optional: true
    dependencies:
      '@babel/runtime': 7.23.9
      '@radix-ui/react-compose-refs': 1.0.1(react@18.2.0)
      '@radix-ui/react-use-layout-effect': 1.0.1(react@18.2.0)
      react: 18.2.0
      react-dom: 18.2.0(react@18.2.0)
    dev: false

  /@radix-ui/react-primitive@1.0.3(react-dom@18.2.0)(react@18.2.0):
    resolution: {integrity: sha512-yi58uVyoAcK/Nq1inRY56ZSjKypBNKTa/1mcL8qdl6oJeEaDbOldlzrGn7P6Q3Id5d+SYNGc5AJgc4vGhjs5+g==}
    peerDependencies:
      '@types/react': '*'
      '@types/react-dom': '*'
      react: ^16.8 || ^17.0 || ^18.0
      react-dom: ^16.8 || ^17.0 || ^18.0
    peerDependenciesMeta:
      '@types/react':
        optional: true
      '@types/react-dom':
        optional: true
    dependencies:
      '@babel/runtime': 7.23.9
      '@radix-ui/react-slot': 1.0.2(react@18.2.0)
      react: 18.2.0
      react-dom: 18.2.0(react@18.2.0)
    dev: false

  /@radix-ui/react-slot@1.0.2(react@18.2.0):
    resolution: {integrity: sha512-YeTpuq4deV+6DusvVUW4ivBgnkHwECUu0BiN43L5UCDFgdhsRUWAghhTF5MbvNTPzmiFOx90asDSUjWuCNapwg==}
    peerDependencies:
      '@types/react': '*'
      react: ^16.8 || ^17.0 || ^18.0
    peerDependenciesMeta:
      '@types/react':
        optional: true
    dependencies:
      '@babel/runtime': 7.23.9
      '@radix-ui/react-compose-refs': 1.0.1(react@18.2.0)
      react: 18.2.0
    dev: false

  /@radix-ui/react-toast@1.1.5(react-dom@18.2.0)(react@18.2.0):
    resolution: {integrity: sha512-fRLn227WHIBRSzuRzGJ8W+5YALxofH23y0MlPLddaIpLpCDqdE0NZlS2NRQDRiptfxDeeCjgFIpexB1/zkxDlw==}
    peerDependencies:
      '@types/react': '*'
      '@types/react-dom': '*'
      react: ^16.8 || ^17.0 || ^18.0
      react-dom: ^16.8 || ^17.0 || ^18.0
    peerDependenciesMeta:
      '@types/react':
        optional: true
      '@types/react-dom':
        optional: true
    dependencies:
      '@babel/runtime': 7.23.9
      '@radix-ui/primitive': 1.0.1
      '@radix-ui/react-collection': 1.0.3(react-dom@18.2.0)(react@18.2.0)
      '@radix-ui/react-compose-refs': 1.0.1(react@18.2.0)
      '@radix-ui/react-context': 1.0.1(react@18.2.0)
      '@radix-ui/react-dismissable-layer': 1.0.5(react-dom@18.2.0)(react@18.2.0)
      '@radix-ui/react-portal': 1.0.4(react-dom@18.2.0)(react@18.2.0)
      '@radix-ui/react-presence': 1.0.1(react-dom@18.2.0)(react@18.2.0)
      '@radix-ui/react-primitive': 1.0.3(react-dom@18.2.0)(react@18.2.0)
      '@radix-ui/react-use-callback-ref': 1.0.1(react@18.2.0)
      '@radix-ui/react-use-controllable-state': 1.0.1(react@18.2.0)
      '@radix-ui/react-use-layout-effect': 1.0.1(react@18.2.0)
      '@radix-ui/react-visually-hidden': 1.0.3(react-dom@18.2.0)(react@18.2.0)
      react: 18.2.0
      react-dom: 18.2.0(react@18.2.0)
    dev: false

  /@radix-ui/react-use-callback-ref@1.0.1(react@18.2.0):
    resolution: {integrity: sha512-D94LjX4Sp0xJFVaoQOd3OO9k7tpBYNOXdVhkltUbGv2Qb9OXdrg/CpsjlZv7ia14Sylv398LswWBVVu5nqKzAQ==}
    peerDependencies:
      '@types/react': '*'
      react: ^16.8 || ^17.0 || ^18.0
    peerDependenciesMeta:
      '@types/react':
        optional: true
    dependencies:
      '@babel/runtime': 7.23.9
      react: 18.2.0
    dev: false

  /@radix-ui/react-use-controllable-state@1.0.1(react@18.2.0):
    resolution: {integrity: sha512-Svl5GY5FQeN758fWKrjM6Qb7asvXeiZltlT4U2gVfl8Gx5UAv2sMR0LWo8yhsIZh2oQ0eFdZ59aoOOMV7b47VA==}
    peerDependencies:
      '@types/react': '*'
      react: ^16.8 || ^17.0 || ^18.0
    peerDependenciesMeta:
      '@types/react':
        optional: true
    dependencies:
      '@babel/runtime': 7.23.9
      '@radix-ui/react-use-callback-ref': 1.0.1(react@18.2.0)
      react: 18.2.0
    dev: false

  /@radix-ui/react-use-escape-keydown@1.0.3(react@18.2.0):
    resolution: {integrity: sha512-vyL82j40hcFicA+M4Ex7hVkB9vHgSse1ZWomAqV2Je3RleKGO5iM8KMOEtfoSB0PnIelMd2lATjTGMYqN5ylTg==}
    peerDependencies:
      '@types/react': '*'
      react: ^16.8 || ^17.0 || ^18.0
    peerDependenciesMeta:
      '@types/react':
        optional: true
    dependencies:
      '@babel/runtime': 7.23.9
      '@radix-ui/react-use-callback-ref': 1.0.1(react@18.2.0)
      react: 18.2.0
    dev: false

  /@radix-ui/react-use-layout-effect@1.0.1(react@18.2.0):
    resolution: {integrity: sha512-v/5RegiJWYdoCvMnITBkNNx6bCj20fiaJnWtRkU18yITptraXjffz5Qbn05uOiQnOvi+dbkznkoaMltz1GnszQ==}
    peerDependencies:
      '@types/react': '*'
      react: ^16.8 || ^17.0 || ^18.0
    peerDependenciesMeta:
      '@types/react':
        optional: true
    dependencies:
      '@babel/runtime': 7.23.9
      react: 18.2.0
    dev: false

  /@radix-ui/react-use-previous@1.0.1(react@18.2.0):
    resolution: {integrity: sha512-cV5La9DPwiQ7S0gf/0qiD6YgNqM5Fk97Kdrlc5yBcrF3jyEZQwm7vYFqMo4IfeHgJXsRaMvLABFtd0OVEmZhDw==}
    peerDependencies:
      '@types/react': '*'
      react: ^16.8 || ^17.0 || ^18.0
    peerDependenciesMeta:
      '@types/react':
        optional: true
    dependencies:
      '@babel/runtime': 7.23.9
      react: 18.2.0
    dev: false

  /@radix-ui/react-use-size@1.0.1(react@18.2.0):
    resolution: {integrity: sha512-ibay+VqrgcaI6veAojjofPATwledXiSmX+C0KrBk/xgpX9rBzPV3OsfwlhQdUOFbh+LKQorLYT+xTXW9V8yd0g==}
    peerDependencies:
      '@types/react': '*'
      react: ^16.8 || ^17.0 || ^18.0
    peerDependenciesMeta:
      '@types/react':
        optional: true
    dependencies:
      '@babel/runtime': 7.23.9
      '@radix-ui/react-use-layout-effect': 1.0.1(react@18.2.0)
      react: 18.2.0
    dev: false

  /@radix-ui/react-visually-hidden@1.0.3(react-dom@18.2.0)(react@18.2.0):
    resolution: {integrity: sha512-D4w41yN5YRKtu464TLnByKzMDG/JlMPHtfZgQAu9v6mNakUqGUI9vUrfQKz8NK41VMm/xbZbh76NUTVtIYqOMA==}
    peerDependencies:
      '@types/react': '*'
      '@types/react-dom': '*'
      react: ^16.8 || ^17.0 || ^18.0
      react-dom: ^16.8 || ^17.0 || ^18.0
    peerDependenciesMeta:
      '@types/react':
        optional: true
      '@types/react-dom':
        optional: true
    dependencies:
      '@babel/runtime': 7.23.9
      '@radix-ui/react-primitive': 1.0.3(react-dom@18.2.0)(react@18.2.0)
      react: 18.2.0
      react-dom: 18.2.0(react@18.2.0)
    dev: false

  /class-variance-authority@0.7.0:
    resolution: {integrity: sha512-jFI8IQw4hczaL4ALINxqLEXQbWcNjoSkloa4IaufXCJr6QawJyw7tuRysRsrE8w2p/4gGaxKIt/hX3qz/IbD1A==}
    dependencies:
      clsx: 2.0.0
    dev: false

  /clsx@2.0.0:
    resolution: {integrity: sha512-rQ1+kcj+ttHG0MKVGBUXwayCCF1oh39BF5COIpRzuCEv8Mwjv0XucrI2ExNTOn9IlLifGClWQcU9BrZORvtw6Q==}
    engines: {node: '>=6'}
    dev: false

  /clsx@2.1.0:
    resolution: {integrity: sha512-m3iNNWpd9rl3jvvcBnu70ylMdrXt8Vlq4HYadnU5fwcOtvkSQWPmj7amUcDT2qYI7risszBjI5AUIUox9D16pg==}
    engines: {node: '>=6'}
    dev: false

  /embla-carousel-react@8.0.0-rc22(react@18.2.0):
    resolution: {integrity: sha512-NwmISV0Cw9XVo76Vquz3hJaeZe7qoCRtrzStxlEY7qfZD8WR/f4JlQAso35URTs1BeYVhcuClflelioo+Zmidg==}
    peerDependencies:
      react: ^16.8.0 || ^17.0.1 || ^18.0.0
    dependencies:
      embla-carousel: 8.0.0-rc22
      embla-carousel-reactive-utils: 8.0.0-rc22(embla-carousel@8.0.0-rc22)
      react: 18.2.0
    dev: false

  /embla-carousel-reactive-utils@8.0.0-rc22(embla-carousel@8.0.0-rc22):
    resolution: {integrity: sha512-K4b8QhQGXYW5wr4l+U6XryhafsFV5c/IyohDnZN3MGoYIB9xY7qpjUWAcs5bTDjAD+qCZPOuXre0D3IVa28mqw==}
    peerDependencies:
      embla-carousel: 8.0.0-rc22
    dependencies:
      embla-carousel: 8.0.0-rc22
    dev: false

  /embla-carousel@8.0.0-rc22:
    resolution: {integrity: sha512-MeXnPT1LShfgAu8qXj3CskayV0R6OkHx7w3cPTx+Q5ZWKyShKpIuu7qVQJ5BoFegalE4n6yxqoQaRuGFbK9pYw==}
    dev: false

  /js-tokens@4.0.0:
    resolution: {integrity: sha512-RdJUflcE3cUzKiMqQgsCu06FPu9UdIJO0beYbPhHN4k6apgJtifcoCtT9bcxOpYBtpD2kCM6Sbzg4CausW/PKQ==}
    dev: false

  /loose-envify@1.4.0:
    resolution: {integrity: sha512-lyuxPGr/Wfhrlem2CL/UcnUc1zcqKAImBDzukY7Y5F/yQiNdko6+fRLevlw1HgMySw7f611UIY408EtxRSoK3Q==}
    hasBin: true
    dependencies:
      js-tokens: 4.0.0
    dev: false

  /react-dom@18.2.0(react@18.2.0):
    resolution: {integrity: sha512-6IMTriUmvsjHUjNtEDudZfuDQUoWXVxKHhlEGSk81n4YFS+r/Kl99wXiwlVXtPBtJenozv2P+hxDsw9eA7Xo6g==}
    peerDependencies:
      react: ^18.2.0
    dependencies:
      loose-envify: 1.4.0
      react: 18.2.0
      scheduler: 0.23.0
    dev: false

  /react-resizable-panels@2.0.8(react-dom@18.2.0)(react@18.2.0):
    resolution: {integrity: sha512-iAazXPOZJcH7wF9V0S7VoloXoDvz1UZqkcGjz4tCF6vxZjA9hkccns5ItXPxrJ5m+qZOARaf8OczYi9C+eZr7g==}
    peerDependencies:
      react: ^16.14.0 || ^17.0.0 || ^18.0.0
      react-dom: ^16.14.0 || ^17.0.0 || ^18.0.0
    dependencies:
      react: 18.2.0
      react-dom: 18.2.0(react@18.2.0)
      stacking-order: 1.0.1
    dev: false

  /react@18.2.0:
    resolution: {integrity: sha512-/3IjMdb2L9QbBdWiW5e3P2/npwMBaU9mHCSCUzNln0ZCYbcfTsGbTJrU/kGemdH2IWmB2ioZ+zkxtmq6g09fGQ==}
    engines: {node: '>=0.10.0'}
    dependencies:
      loose-envify: 1.4.0
    dev: false

  /regenerator-runtime@0.14.1:
    resolution: {integrity: sha512-dYnhHh0nJoMfnkZs6GmmhFknAGRrLznOu5nc9ML+EJxGvrx6H7teuevqVqCuPcPK//3eDrrjQhehXVx9cnkGdw==}
    dev: false

  /scheduler@0.23.0:
    resolution: {integrity: sha512-CtuThmgHNg7zIZWAXi3AsyIzA3n4xx7aNyjwC2VJldO2LMVDhFK+63xGqq6CsJH4rTAt6/M+N4GhZiDYPx9eUw==}
    dependencies:
      loose-envify: 1.4.0
    dev: false

  /stacking-order@1.0.1:
    resolution: {integrity: sha512-IxD2jw+DDiQ3FaXr6QcvSt5uE2vDWBYcC7bbCWfI5R9kEoj8Zgi4rFwPXALOjTtE96iIdZjcJFLQVr7r7xIdAA==}
    dev: false

  /tailwind-merge@2.2.1:
    resolution: {integrity: sha512-o+2GTLkthfa5YUt4JxPfzMIpQzZ3adD1vLVkvKE1Twl9UAhGsEbIZhHHZVRttyW177S8PDJI3bTQNaebyofK3Q==}
    dependencies:
      '@babel/runtime': 7.23.9
    dev: false

  /tailwindcss-animate@1.0.7:
    resolution: {integrity: sha512-bl6mpH3T7I3UFxuvDEXLxy/VuFxBk5bbzplh7tXI68mwMokNYd1t9qPBHlnyTwfa4JGC4zP516I1hYYtQ/vspA==}
    peerDependencies:
      tailwindcss: '>=3.0.0 || insiders'
    dev: false
